
Microsoft Visual Studio Solution File, Format Version 12.00
# Visual Studio 2012
Project("{FAE04EC0-301F-11D3-BF4B-00C04F79EFBC}") = "KomplexTeszt", "KomplexTeszt\KomplexTeszt.csproj", "{C5F971BE-E2B9-42EF-AD4D-38A625A584AD}"
EndProject
Project("{FAE04EC0-301F-11D3-BF4B-00C04F79EFBC}") = "KomplexPr", "KomplexPr\KomplexPr.csproj", "{4E2D6437-3751-430A-A355-ED98CC1B87D6}"
EndProject
Global
	GlobalSection(SolutionConfigurationPlatforms) = preSolution
		Debug|Any CPU = Debug|Any CPU
		Release|Any CPU = Release|Any CPU
	EndGlobalSection
	GlobalSection(ProjectConfigurationPlatforms) = postSolution
		{C5F971BE-E2B9-42EF-AD4D-38A625A584AD}.Debug|Any CPU.ActiveCfg = Debug|Any CPU
		{C5F971BE-E2B9-42EF-AD4D-38A625A584AD}.Debug|Any CPU.Build.0 = Debug|Any CPU
		{C5F971BE-E2B9-42EF-AD4D-38A625A584AD}.Release|Any CPU.ActiveCfg = Release|Any CPU
		{C5F971BE-E2B9-42EF-AD4D-38A625A584AD}.Release|Any CPU.Build.0 = Release|Any CPU
		{4E2D6437-3751-430A-A355-ED98CC1B87D6}.Debug|Any CPU.ActiveCfg = Debug|Any CPU
		{4E2D6437-3751-430A-A355-ED98CC1B87D6}.Debug|Any CPU.Build.0 = Debug|Any CPU
		{4E2D6437-3751-430A-A355-ED98CC1B87D6}.Release|Any CPU.ActiveCfg = Release|Any CPU
		{4E2D6437-3751-430A-A355-ED98CC1B87D6}.Release|Any CPU.Build.0 = Release|Any CPU
	EndGlobalSection
	GlobalSection(SolutionProperties) = preSolution
		HideSolutionNode = FALSE
	EndGlobalSection
EndGlobal
